# This file is automatically @generated by Cargo.
# It is not intended for manual editing.
version = 4

[[package]]
name = "use-diagnostic"
version = "0.0.1"
dependencies = [
 "use-diagnostic-code",
 "use-diagnostic-label",
 "use-diagnostic-level",
 "use-diagnostic-message",
 "use-diagnostic-report",
 "use-diagnostic-span",
]

[[package]]
name = "use-diagnostic-code"
version = "0.0.1"

[[package]]
name = "use-diagnostic-label"
version = "0.0.1"
dependencies = [
 "use-diagnostic-message",
 "use-diagnostic-span",
]

[[package]]
name = "use-diagnostic-level"
version = "0.0.1"

[[package]]
name = "use-diagnostic-message"
version = "0.0.1"

[[package]]
name = "use-diagnostic-report"
version = "0.0.1"
dependencies = [
 "use-diagnostic-code",
 "use-diagnostic-label",
 "use-diagnostic-level",
 "use-diagnostic-message",
]

[[package]]
name = "use-diagnostic-span"
version = "0.0.1"
